github.com/DamianFlynn/garden v0.0.0-20250515182533-099b31e0c469 h1:zc9bXX+1KnAGpLTzPdf5u7R/JG/JLBomav/EN/JAHNY=
github.com/DamianFlynn/garden v0.0.0-20250515182533-099b31e0c469/go.mod h1:3pEp3ivPLW5W5nRjzkMld11oXla5SAZd/BJoDfJqYVs=
github.com/DamianFlynn/hugo-haptic-theme v0.1.0 h1:P6ghxtwnlL77gsW7a+LxxM1Ew0LqWZfWJ+Va09zFmkE=
github.com/DamianFlynn/hugo-haptic-theme v0.1.0/go.mod h1:GhKU0WPK1INAQRSoJdU89kHXEn3FPYziD6C0gYQO2lQ=
