github.com/DamianFlynn/garden v0.0.0-20260105232523-ca4dbcacb6be h1:7AXK08SoRCOtRAqWW74JzCzV2i65tF4SbizJ/NPPcQI=
github.com/DamianFlynn/garden v0.0.0-20260105232523-ca4dbcacb6be/go.mod h1:3pEp3ivPLW5W5nRjzkMld11oXla5SAZd/BJoDfJqYVs=
github.com/DamianFlynn/hugo-haptic-theme v0.1.2-0.20260106165822-926756f118cc h1:fiq2PnN2IiJitRJO8PL3aK+V5OlPFp8J7VbazFAsZqs=
github.com/DamianFlynn/hugo-haptic-theme v0.1.2-0.20260106165822-926756f118cc/go.mod h1:GhKU0WPK1INAQRSoJdU89kHXEn3FPYziD6C0gYQO2lQ=
